# This file is automatically @generated by Cargo.
# It is not intended for manual editing.
version = 4

[[package]]
name = "cargo-sv"
version = "0.1.0"
dependencies = [
 "sv-ast",
 "sv-codegen-rust",
 "sv-elaborator",
 "sv-ir",
 "sv-lexer",
 "sv-opt",
 "sv-parser",
 "sv-preprocessor",
]

[[package]]
name = "sv-ast"
version = "0.1.0"
dependencies = [
 "sv-lexer",
]

[[package]]
name = "sv-codegen-rust"
version = "0.1.0"
dependencies = [
 "sv-elaborator",
 "sv-ir",
 "sv-lexer",
 "sv-opt",
 "sv-parser",
]

[[package]]
name = "sv-elaborator"
version = "0.1.0"
dependencies = [
 "sv-ast",
 "sv-ir",
 "sv-lexer",
 "sv-opt",
 "sv-parser",
 "sv-preprocessor",
 "sv-runtime",
]

[[package]]
name = "sv-ir"
version = "0.1.0"

[[package]]
name = "sv-lexer"
version = "0.1.0"

[[package]]
name = "sv-opt"
version = "0.1.0"
dependencies = [
 "sv-ir",
]

[[package]]
name = "sv-parser"
version = "0.1.0"
dependencies = [
 "sv-ast",
 "sv-lexer",
]

[[package]]
name = "sv-preprocessor"
version = "0.1.0"
dependencies = [
 "sv-lexer",
]

[[package]]
name = "sv-runtime"
version = "0.1.0"

[[package]]
name = "sv-trace"
version = "0.1.0"

[[package]]
name = "svrust-tests"
version = "0.1.0"
